// !$*UTF8*$!
{
	archiveVersion = 1;
	classes = {
	};
	objectVersion = 46;
	objects = {

/* Begin PBXBuildFile section */
		6A18D9691D35E5B9007DDA31 /* main.m in Sources */ = {isa = PBXBuildFile; fileRef = 6A18D9681D35E5B9007DDA31 /* main.m */; };
		6A18D96C1D35E5B9007DDA31 /* AppDelegate.m in Sources */ = {isa = PBXBuildFile; fileRef = 6A18D96B1D35E5B9007DDA31 /* AppDelegate.m */; };
		6A18D9721D35E5B9007DDA31 /* Main.storyboard in Resources */ = {isa = PBXBuildFile; fileRef = 6A18D9701D35E5B9007DDA31 /* Main.storyboard */; };
		6A18D9771D35E5B9007DDA31 /* LaunchScreen.storyboard in Resources */ = {isa = PBXBuildFile; fileRef = 6A18D9751D35E5B9007DDA31 /* LaunchScreen.storyboard */; };
		6A18D9821D35E5B9007DDA31 /* FishTankTests.m in Sources */ = {isa = PBXBuildFile; fileRef = 6A18D9811D35E5B9007DDA31 /* FishTankTests.m */; };
		6A18D98D1D35E5B9007DDA31 /* FishTankUITests.m in Sources */ = {isa = PBXBuildFile; fileRef = 6A18D98C1D35E5B9007DDA31 /* FishTankUITests.m */; };
		6A18D9A11D35E6AB007DDA31 /* FTBaseViewController.m in Sources */ = {isa = PBXBuildFile; fileRef = 6A18D9A01D35E6AB007DDA31 /* FTBaseViewController.m */; };
		6A18D9A41D35E6F7007DDA31 /* FTMainViewController.m in Sources */ = {isa = PBXBuildFile; fileRef = 6A18D9A31D35E6F7007DDA31 /* FTMainViewController.m */; };
		6A18D9A81D35ECB8007DDA31 /* FTUserViewController.m in Sources */ = {isa = PBXBuildFile; fileRef = 6A18D9A71D35ECB8007DDA31 /* FTUserViewController.m */; };
		6ADADBE31D372404001B25FC /* FTFirstViewController.m in Sources */ = {isa = PBXBuildFile; fileRef = 6ADADBE21D372404001B25FC /* FTFirstViewController.m */; };
		6AE53C241D3C70D9005AA128 /* FTMyFishBallViewController.m in Sources */ = {isa = PBXBuildFile; fileRef = 6AE53C211D3C70D9005AA128 /* FTMyFishBallViewController.m */; settings = {ASSET_TAGS = (); }; };
		6AE53C251D3C70D9005AA128 /* FTAboutUsViewController.m in Sources */ = {isa = PBXBuildFile; fileRef = 6AE53C231D3C70D9005AA128 /* FTAboutUsViewController.m */; settings = {ASSET_TAGS = (); }; };
		6AE53C281D3C71B8005AA128 /* FTwaterQualityViewController.m in Sources */ = {isa = PBXBuildFile; fileRef = 6AE53C271D3C71B8005AA128 /* FTwaterQualityViewController.m */; settings = {ASSET_TAGS = (); }; };
		6AE53C2B1D3C71CA005AA128 /* WaterQualitySet.m in Sources */ = {isa = PBXBuildFile; fileRef = 6AE53C2A1D3C71CA005AA128 /* WaterQualitySet.m */; settings = {ASSET_TAGS = (); }; };
		F30672601D37854C00A76924 /* FTRegisterViewController.m in Sources */ = {isa = PBXBuildFile; fileRef = F306725F1D37854C00A76924 /* FTRegisterViewController.m */; };
		F30672621D37AB6A00A76924 /* Assets.xcassets in Resources */ = {isa = PBXBuildFile; fileRef = F30672611D37AB6A00A76924 /* Assets.xcassets */; };
		F32D0E531D38D0470020E35A /* FTFindPasswordViewController.m in Sources */ = {isa = PBXBuildFile; fileRef = F32D0E521D38D0470020E35A /* FTFindPasswordViewController.m */; };
		F3FA54F01D3A2AB50081315C /* MOBFoundation.framework in Frameworks */ = {isa = PBXBuildFile; fileRef = F3FA54EE1D3A2AB50081315C /* MOBFoundation.framework */; };
		F3FA54F11D3A2AB50081315C /* SMS_SDK.framework in Frameworks */ = {isa = PBXBuildFile; fileRef = F3FA54EF1D3A2AB50081315C /* SMS_SDK.framework */; };
		F3FA54F31D3A2B350081315C /* MessageUI.framework in Frameworks */ = {isa = PBXBuildFile; fileRef = F3FA54F21D3A2B350081315C /* MessageUI.framework */; };
		F3FA54F51D3A2B4F0081315C /* JavaScriptCore.framework in Frameworks */ = {isa = PBXBuildFile; fileRef = F3FA54F41D3A2B4F0081315C /* JavaScriptCore.framework */; };
		F3FA54F71D3A2B920081315C /* libstdc++.tbd in Frameworks */ = {isa = PBXBuildFile; fileRef = F3FA54F61D3A2B920081315C /* libstdc++.tbd */; };
		F3FA54F91D3A2BA40081315C /* libz.tbd in Frameworks */ = {isa = PBXBuildFile; fileRef = F3FA54F81D3A2BA40081315C /* libz.tbd */; };
		F3FA54FB1D3A2BB30081315C /* libicucore.tbd in Frameworks */ = {isa = PBXBuildFile; fileRef = F3FA54FA1D3A2BB30081315C /* libicucore.tbd */; };
/* End PBXBuildFile section */

/* Begin PBXContainerItemProxy section */
		6A18D97E1D35E5B9007DDA31 /* PBXContainerItemProxy */ = {
			isa = PBXContainerItemProxy;
			containerPortal = 6A18D95C1D35E5B9007DDA31 /* Project object */;
			proxyType = 1;
			remoteGlobalIDString = 6A18D9631D35E5B9007DDA31;
			remoteInfo = FishTank;
		};
		6A18D9891D35E5B9007DDA31 /* PBXContainerItemProxy */ = {
			isa = PBXContainerItemProxy;
			containerPortal = 6A18D95C1D35E5B9007DDA31 /* Project object */;
			proxyType = 1;
			remoteGlobalIDString = 6A18D9631D35E5B9007DDA31;
			remoteInfo = FishTank;
		};
/* End PBXContainerItemProxy section */

/* Begin PBXFileReference section */
		6A18D9641D35E5B9007DDA31 /* FishTank.app */ = {isa = PBXFileReference; explicitFileType = wrapper.application; includeInIndex = 0; path = FishTank.app; sourceTree = BUILT_PRODUCTS_DIR; };
		6A18D9681D35E5B9007DDA31 /* main.m */ = {isa = PBXFileReference; lastKnownFileType = sourcecode.c.objc; path = main.m; sourceTree = "<group>"; };
		6A18D96A1D35E5B9007DDA31 /* AppDelegate.h */ = {isa = PBXFileReference; lastKnownFileType = sourcecode.c.h; path = AppDelegate.h; sourceTree = "<group>"; };
		6A18D96B1D35E5B9007DDA31 /* AppDelegate.m */ = {isa = PBXFileReference; lastKnownFileType = sourcecode.c.objc; path = AppDelegate.m; sourceTree = "<group>"; };
		6A18D9711D35E5B9007DDA31 /* Base */ = {isa = PBXFileReference; lastKnownFileType = file.storyboard; name = Base; path = Base.lproj/Main.storyboard; sourceTree = "<group>"; };
		6A18D9761D35E5B9007DDA31 /* Base */ = {isa = PBXFileReference; lastKnownFileType = file.storyboard; name = Base; path = Base.lproj/LaunchScreen.storyboard; sourceTree = "<group>"; };
		6A18D9781D35E5B9007DDA31 /* Info.plist */ = {isa = PBXFileReference; lastKnownFileType = text.plist.xml; path = Info.plist; sourceTree = "<group>"; };
		6A18D97D1D35E5B9007DDA31 /* FishTankTests.xctest */ = {isa = PBXFileReference; explicitFileType = wrapper.cfbundle; includeInIndex = 0; path = FishTankTests.xctest; sourceTree = BUILT_PRODUCTS_DIR; };
		6A18D9811D35E5B9007DDA31 /* FishTankTests.m */ = {isa = PBXFileReference; lastKnownFileType = sourcecode.c.objc; path = FishTankTests.m; sourceTree = "<group>"; };
		6A18D9831D35E5B9007DDA31 /* Info.plist */ = {isa = PBXFileReference; lastKnownFileType = text.plist.xml; path = Info.plist; sourceTree = "<group>"; };
		6A18D9881D35E5B9007DDA31 /* FishTankUITests.xctest */ = {isa = PBXFileReference; explicitFileType = wrapper.cfbundle; includeInIndex = 0; path = FishTankUITests.xctest; sourceTree = BUILT_PRODUCTS_DIR; };
		6A18D98C1D35E5B9007DDA31 /* FishTankUITests.m */ = {isa = PBXFileReference; lastKnownFileType = sourcecode.c.objc; path = FishTankUITests.m; sourceTree = "<group>"; };
		6A18D98E1D35E5B9007DDA31 /* Info.plist */ = {isa = PBXFileReference; lastKnownFileType = text.plist.xml; path = Info.plist; sourceTree = "<group>"; };
		6A18D99F1D35E6AB007DDA31 /* FTBaseViewController.h */ = {isa = PBXFileReference; fileEncoding = 4; lastKnownFileType = sourcecode.c.h; path = FTBaseViewController.h; sourceTree = "<group>"; };
		6A18D9A01D35E6AB007DDA31 /* FTBaseViewController.m */ = {isa = PBXFileReference; fileEncoding = 4; lastKnownFileType = sourcecode.c.objc; path = FTBaseViewController.m; sourceTree = "<group>"; };
		6A18D9A21D35E6F7007DDA31 /* FTMainViewController.h */ = {isa = PBXFileReference; fileEncoding = 4; lastKnownFileType = sourcecode.c.h; path = FTMainViewController.h; sourceTree = "<group>"; };
		6A18D9A31D35E6F7007DDA31 /* FTMainViewController.m */ = {isa = PBXFileReference; fileEncoding = 4; lastKnownFileType = sourcecode.c.objc; path = FTMainViewController.m; sourceTree = "<group>"; };
		6A18D9A61D35ECB8007DDA31 /* FTUserViewController.h */ = {isa = PBXFileReference; fileEncoding = 4; lastKnownFileType = sourcecode.c.h; path = FTUserViewController.h; sourceTree = "<group>"; };
		6A18D9A71D35ECB8007DDA31 /* FTUserViewController.m */ = {isa = PBXFileReference; fileEncoding = 4; lastKnownFileType = sourcecode.c.objc; path = FTUserViewController.m; sourceTree = "<group>"; };
		6ADADBE11D372404001B25FC /* FTFirstViewController.h */ = {isa = PBXFileReference; fileEncoding = 4; lastKnownFileType = sourcecode.c.h; path = FTFirstViewController.h; sourceTree = "<group>"; };
		6ADADBE21D372404001B25FC /* FTFirstViewController.m */ = {isa = PBXFileReference; fileEncoding = 4; lastKnownFileType = sourcecode.c.objc; path = FTFirstViewController.m; sourceTree = "<group>"; };
		6AE53C201D3C70D9005AA128 /* FTMyFishBallViewController.h */ = {isa = PBXFileReference; fileEncoding = 4; lastKnownFileType = sourcecode.c.h; path = FTMyFishBallViewController.h; sourceTree = "<group>"; };
		6AE53C211D3C70D9005AA128 /* FTMyFishBallViewController.m */ = {isa = PBXFileReference; fileEncoding = 4; lastKnownFileType = sourcecode.c.objc; path = FTMyFishBallViewController.m; sourceTree = "<group>"; };
		6AE53C221D3C70D9005AA128 /* FTAboutUsViewController.h */ = {isa = PBXFileReference; fileEncoding = 4; lastKnownFileType = sourcecode.c.h; path = FTAboutUsViewController.h; sourceTree = "<group>"; };
		6AE53C231D3C70D9005AA128 /* FTAboutUsViewController.m */ = {isa = PBXFileReference; fileEncoding = 4; lastKnownFileType = sourcecode.c.objc; path = FTAboutUsViewController.m; sourceTree = "<group>"; };
		6AE53C261D3C71B8005AA128 /* FTwaterQualityViewController.h */ = {isa = PBXFileReference; fileEncoding = 4; lastKnownFileType = sourcecode.c.h; path = FTwaterQualityViewController.h; sourceTree = "<group>"; };
		6AE53C271D3C71B8005AA128 /* FTwaterQualityViewController.m */ = {isa = PBXFileReference; fileEncoding = 4; lastKnownFileType = sourcecode.c.objc; path = FTwaterQualityViewController.m; sourceTree = "<group>"; };
		6AE53C291D3C71CA005AA128 /* WaterQualitySet.h */ = {isa = PBXFileReference; fileEncoding = 4; lastKnownFileType = sourcecode.c.h; path = WaterQualitySet.h; sourceTree = "<group>"; };
		6AE53C2A1D3C71CA005AA128 /* WaterQualitySet.m */ = {isa = PBXFileReference; fileEncoding = 4; lastKnownFileType = sourcecode.c.objc; path = WaterQualitySet.m; sourceTree = "<group>"; };
		F306725E1D37854C00A76924 /* FTRegisterViewController.h */ = {isa = PBXFileReference; fileEncoding = 4; lastKnownFileType = sourcecode.c.h; path = FTRegisterViewController.h; sourceTree = "<group>"; };
		F306725F1D37854C00A76924 /* FTRegisterViewController.m */ = {isa = PBXFileReference; fileEncoding = 4; lastKnownFileType = sourcecode.c.objc; path = FTRegisterViewController.m; sourceTree = "<group>"; };
		F30672611D37AB6A00A76924 /* Assets.xcassets */ = {isa = PBXFileReference; lastKnownFileType = folder.assetcatalog; path = Assets.xcassets; sourceTree = "<group>"; };
		F32D0E511D38D0470020E35A /* FTFindPasswordViewController.h */ = {isa = PBXFileReference; fileEncoding = 4; lastKnownFileType = sourcecode.c.h; path = FTFindPasswordViewController.h; sourceTree = "<group>"; };
		F32D0E521D38D0470020E35A /* FTFindPasswordViewController.m */ = {isa = PBXFileReference; fileEncoding = 4; lastKnownFileType = sourcecode.c.objc; path = FTFindPasswordViewController.m; sourceTree = "<group>"; };
		F3FA54EE1D3A2AB50081315C /* MOBFoundation.framework */ = {isa = PBXFileReference; lastKnownFileType = wrapper.framework; path = MOBFoundation.framework; sourceTree = "<group>"; };
		F3FA54EF1D3A2AB50081315C /* SMS_SDK.framework */ = {isa = PBXFileReference; lastKnownFileType = wrapper.framework; path = SMS_SDK.framework; sourceTree = "<group>"; };
		F3FA54F21D3A2B350081315C /* MessageUI.framework */ = {isa = PBXFileReference; lastKnownFileType = wrapper.framework; name = MessageUI.framework; path = System/Library/Frameworks/MessageUI.framework; sourceTree = SDKROOT; };
		F3FA54F41D3A2B4F0081315C /* JavaScriptCore.framework */ = {isa = PBXFileReference; lastKnownFileType = wrapper.framework; name = JavaScriptCore.framework; path = System/Library/Frameworks/JavaScriptCore.framework; sourceTree = SDKROOT; };
		F3FA54F61D3A2B920081315C /* libstdc++.tbd */ = {isa = PBXFileReference; lastKnownFileType = "sourcecode.text-based-dylib-definition"; name = "libstdc++.tbd"; path = "usr/lib/libstdc++.tbd"; sourceTree = SDKROOT; };
		F3FA54F81D3A2BA40081315C /* libz.tbd */ = {isa = PBXFileReference; lastKnownFileType = "sourcecode.text-based-dylib-definition"; name = libz.tbd; path = usr/lib/libz.tbd; sourceTree = SDKROOT; };
		F3FA54FA1D3A2BB30081315C /* libicucore.tbd */ = {isa = PBXFileReference; lastKnownFileType = "sourcecode.text-based-dylib-definition"; name = libicucore.tbd; path = usr/lib/libicucore.tbd; sourceTree = SDKROOT; };
/* End PBXFileReference section */

/* Begin PBXFrameworksBuildPhase section */
		6A18D9611D35E5B9007DDA31 /* Frameworks */ = {
			isa = PBXFrameworksBuildPhase;
			buildActionMask = 2147483647;
			files = (
				F3FA54FB1D3A2BB30081315C /* libicucore.tbd in Frameworks */,
				F3FA54F91D3A2BA40081315C /* libz.tbd in Frameworks */,
				F3FA54F71D3A2B920081315C /* libstdc++.tbd in Frameworks */,
				F3FA54F51D3A2B4F0081315C /* JavaScriptCore.framework in Frameworks */,
				F3FA54F31D3A2B350081315C /* MessageUI.framework in Frameworks */,
				F3FA54F01D3A2AB50081315C /* MOBFoundation.framework in Frameworks */,
				F3FA54F11D3A2AB50081315C /* SMS_SDK.framework in Frameworks */,
			);
			runOnlyForDeploymentPostprocessing = 0;
		};
		6A18D97A1D35E5B9007DDA31 /* Frameworks */ = {
			isa = PBXFrameworksBuildPhase;
			buildActionMask = 2147483647;
			files = (
			);
			runOnlyForDeploymentPostprocessing = 0;
		};
		6A18D9851D35E5B9007DDA31 /* Frameworks */ = {
			isa = PBXFrameworksBuildPhase;
			buildActionMask = 2147483647;
			files = (
			);
			runOnlyForDeploymentPostprocessing = 0;
		};
/* End PBXFrameworksBuildPhase section */

/* Begin PBXGroup section */
		6A18D95B1D35E5B9007DDA31 = {
			isa = PBXGroup;
			children = (
				F3FA54FA1D3A2BB30081315C /* libicucore.tbd */,
				F3FA54F81D3A2BA40081315C /* libz.tbd */,
				F3FA54F61D3A2B920081315C /* libstdc++.tbd */,
				F3FA54F41D3A2B4F0081315C /* JavaScriptCore.framework */,
				F3FA54F21D3A2B350081315C /* MessageUI.framework */,
				F3FA54ED1D3A2AB50081315C /* SMS_SDK */,
				6A18D9661D35E5B9007DDA31 /* FishTank */,
				6A18D9801D35E5B9007DDA31 /* FishTankTests */,
				6A18D98B1D35E5B9007DDA31 /* FishTankUITests */,
				6A18D9651D35E5B9007DDA31 /* Products */,
			);
			sourceTree = "<group>";
		};
		6A18D9651D35E5B9007DDA31 /* Products */ = {
			isa = PBXGroup;
			children = (
				6A18D9641D35E5B9007DDA31 /* FishTank.app */,
				6A18D97D1D35E5B9007DDA31 /* FishTankTests.xctest */,
				6A18D9881D35E5B9007DDA31 /* FishTankUITests.xctest */,
			);
			name = Products;
			sourceTree = "<group>";
		};
		6A18D9661D35E5B9007DDA31 /* FishTank */ = {
			isa = PBXGroup;
			children = (
				F306724E1D3783D900A76924 /* FindPassword */,
				F306724D1D3783D500A76924 /* Register */,
				6ADADBDD1D3721AE001B25FC /* Login */,
				6A18D99A1D35E5DA007DDA31 /* Main */,
				6A18D9A51D35EC8D007DDA31 /* User */,
				6A18D99B1D35E638007DDA31 /* Other */,
				6A18D9671D35E5B9007DDA31 /* Supporting Files */,
			);
			path = FishTank;
			sourceTree = "<group>";
		};
		6A18D9671D35E5B9007DDA31 /* Supporting Files */ = {
			isa = PBXGroup;
			children = (
				6A18D9681D35E5B9007DDA31 /* main.m */,
			);
			name = "Supporting Files";
			sourceTree = "<group>";
		};
		6A18D9801D35E5B9007DDA31 /* FishTankTests */ = {
			isa = PBXGroup;
			children = (
				6A18D9811D35E5B9007DDA31 /* FishTankTests.m */,
				6A18D9831D35E5B9007DDA31 /* Info.plist */,
			);
			path = FishTankTests;
			sourceTree = "<group>";
		};
		6A18D98B1D35E5B9007DDA31 /* FishTankUITests */ = {
			isa = PBXGroup;
			children = (
				6A18D98C1D35E5B9007DDA31 /* FishTankUITests.m */,
				6A18D98E1D35E5B9007DDA31 /* Info.plist */,
			);
			path = FishTankUITests;
			sourceTree = "<group>";
		};
		6A18D99A1D35E5DA007DDA31 /* Main */ = {
			isa = PBXGroup;
			children = (
				6A18D99C1D35E65C007DDA31 /* Model */,
				6A18D99D1D35E66C007DDA31 /* View */,
				6A18D99E1D35E673007DDA31 /* Controller */,
			);
			name = Main;
			sourceTree = "<group>";
		};
		6A18D99B1D35E638007DDA31 /* Other */ = {
			isa = PBXGroup;
			children = (
				6A18D96A1D35E5B9007DDA31 /* AppDelegate.h */,
				6A18D96B1D35E5B9007DDA31 /* AppDelegate.m */,
				F30672611D37AB6A00A76924 /* Assets.xcassets */,
				6A18D9701D35E5B9007DDA31 /* Main.storyboard */,
				6A18D9751D35E5B9007DDA31 /* LaunchScreen.storyboard */,
				6A18D9781D35E5B9007DDA31 /* Info.plist */,
			);
			name = Other;
			sourceTree = "<group>";
		};
		6A18D99C1D35E65C007DDA31 /* Model */ = {
			isa = PBXGroup;
			children = (
				6AE53C291D3C71CA005AA128 /* WaterQualitySet.h */,
				6AE53C2A1D3C71CA005AA128 /* WaterQualitySet.m */,
			);
			name = Model;
			sourceTree = "<group>";
		};
		6A18D99D1D35E66C007DDA31 /* View */ = {
			isa = PBXGroup;
			children = (
				6AE53C261D3C71B8005AA128 /* FTwaterQualityViewController.h */,
				6AE53C271D3C71B8005AA128 /* FTwaterQualityViewController.m */,
			);
			name = View;
			sourceTree = "<group>";
		};
		6A18D99E1D35E673007DDA31 /* Controller */ = {
			isa = PBXGroup;
			children = (
				6A18D99F1D35E6AB007DDA31 /* FTBaseViewController.h */,
				6A18D9A01D35E6AB007DDA31 /* FTBaseViewController.m */,
				6A18D9A21D35E6F7007DDA31 /* FTMainViewController.h */,
				6A18D9A31D35E6F7007DDA31 /* FTMainViewController.m */,
			);
			name = Controller;
			sourceTree = "<group>";
		};
		6A18D9A51D35EC8D007DDA31 /* User */ = {
			isa = PBXGroup;
			children = (
				6A18D9A61D35ECB8007DDA31 /* FTUserViewController.h */,
				6A18D9A71D35ECB8007DDA31 /* FTUserViewController.m */,
				6AE53C201D3C70D9005AA128 /* FTMyFishBallViewController.h */,
				6AE53C211D3C70D9005AA128 /* FTMyFishBallViewController.m */,
				6AE53C221D3C70D9005AA128 /* FTAboutUsViewController.h */,
				6AE53C231D3C70D9005AA128 /* FTAboutUsViewController.m */,
			);
			name = User;
			sourceTree = "<group>";
		};
		6ADADBDD1D3721AE001B25FC /* Login */ = {
			isa = PBXGroup;
			children = (
				F30672571D37842A00A76924 /* Model */,
				F30672561D37842700A76924 /* View */,
				F30672551D37842500A76924 /* Controller */,
			);
			name = Login;
			sourceTree = "<group>";
		};
		F306724D1D3783D500A76924 /* Register */ = {
			isa = PBXGroup;
			children = (
				F306725A1D37847000A76924 /* Model */,
				F30672591D37846D00A76924 /* View */,
				F30672581D37846B00A76924 /* Controller */,
			);
			name = Register;
			sourceTree = "<group>";
		};
		F306724E1D3783D900A76924 /* FindPassword */ = {
			isa = PBXGroup;
			children = (
				F306725D1D37848C00A76924 /* Model */,
				F306725C1D37848900A76924 /* View */,
				F306725B1D37848600A76924 /* Controller */,
			);
			name = FindPassword;
			sourceTree = "<group>";
		};
		F30672551D37842500A76924 /* Controller */ = {
			isa = PBXGroup;
			children = (
				6ADADBE11D372404001B25FC /* FTFirstViewController.h */,
				6ADADBE21D372404001B25FC /* FTFirstViewController.m */,
			);
			name = Controller;
			sourceTree = "<group>";
		};
		F30672561D37842700A76924 /* View */ = {
			isa = PBXGroup;
			children = (
			);
			name = View;
			sourceTree = "<group>";
		};
		F30672571D37842A00A76924 /* Model */ = {
			isa = PBXGroup;
			children = (
			);
			name = Model;
			sourceTree = "<group>";
		};
		F30672581D37846B00A76924 /* Controller */ = {
			isa = PBXGroup;
			children = (
				F306725E1D37854C00A76924 /* FTRegisterViewController.h */,
				F306725F1D37854C00A76924 /* FTRegisterViewController.m */,
			);
			name = Controller;
			sourceTree = "<group>";
		};
		F30672591D37846D00A76924 /* View */ = {
			isa = PBXGroup;
			children = (
			);
			name = View;
			sourceTree = "<group>";
		};
		F306725A1D37847000A76924 /* Model */ = {
			isa = PBXGroup;
			children = (
			);
			name = Model;
			sourceTree = "<group>";
		};
		F306725B1D37848600A76924 /* Controller */ = {
			isa = PBXGroup;
			children = (
				F32D0E511D38D0470020E35A /* FTFindPasswordViewController.h */,
				F32D0E521D38D0470020E35A /* FTFindPasswordViewController.m */,
			);
			name = Controller;
			sourceTree = "<group>";
		};
		F306725C1D37848900A76924 /* View */ = {
			isa = PBXGroup;
			children = (
			);
			name = View;
			sourceTree = "<group>";
		};
		F306725D1D37848C00A76924 /* Model */ = {
			isa = PBXGroup;
			children = (
			);
			name = Model;
			sourceTree = "<group>";
		};
		F3FA54ED1D3A2AB50081315C /* SMS_SDK */ = {
			isa = PBXGroup;
			children = (
				F3FA54EE1D3A2AB50081315C /* MOBFoundation.framework */,
				F3FA54EF1D3A2AB50081315C /* SMS_SDK.framework */,
			);
			path = SMS_SDK;
			sourceTree = "<group>";
		};
/* End PBXGroup section */

/* Begin PBXNativeTarget section */
		6A18D9631D35E5B9007DDA31 /* FishTank */ = {
			isa = PBXNativeTarget;
			buildConfigurationList = 6A18D9911D35E5B9007DDA31 /* Build configuration list for PBXNativeTarget "FishTank" */;
			buildPhases = (
				6A18D9601D35E5B9007DDA31 /* Sources */,
				6A18D9611D35E5B9007DDA31 /* Frameworks */,
				6A18D9621D35E5B9007DDA31 /* Resources */,
			);
			buildRules = (
			);
			dependencies = (
			);
			name = FishTank;
			productName = FishTank;
			productReference = 6A18D9641D35E5B9007DDA31 /* FishTank.app */;
			productType = "com.apple.product-type.application";
		};
		6A18D97C1D35E5B9007DDA31 /* FishTankTests */ = {
			isa = PBXNativeTarget;
			buildConfigurationList = 6A18D9941D35E5B9007DDA31 /* Build configuration list for PBXNativeTarget "FishTankTests" */;
			buildPhases = (
				6A18D9791D35E5B9007DDA31 /* Sources */,
				6A18D97A1D35E5B9007DDA31 /* Frameworks */,
				6A18D97B1D35E5B9007DDA31 /* Resources */,
			);
			buildRules = (
			);
			dependencies = (
				6A18D97F1D35E5B9007DDA31 /* PBXTargetDependency */,
			);
			name = FishTankTests;
			productName = FishTankTests;
			productReference = 6A18D97D1D35E5B9007DDA31 /* FishTankTests.xctest */;
			productType = "com.apple.product-type.bundle.unit-test";
		};
		6A18D9871D35E5B9007DDA31 /* FishTankUITests */ = {
			isa = PBXNativeTarget;
			buildConfigurationList = 6A18D9971D35E5B9007DDA31 /* Build configuration list for PBXNativeTarget "FishTankUITests" */;
			buildPhases = (
				6A18D9841D35E5B9007DDA31 /* Sources */,
				6A18D9851D35E5B9007DDA31 /* Frameworks */,
				6A18D9861D35E5B9007DDA31 /* Resources */,
			);
			buildRules = (
			);
			dependencies = (
				6A18D98A1D35E5B9007DDA31 /* PBXTargetDependency */,
			);
			name = FishTankUITests;
			productName = FishTankUITests;
			productReference = 6A18D9881D35E5B9007DDA31 /* FishTankUITests.xctest */;
			productType = "com.apple.product-type.bundle.ui-testing";
		};
/* End PBXNativeTarget section */

/* Begin PBXProject section */
		6A18D95C1D35E5B9007DDA31 /* Project object */ = {
			isa = PBXProject;
			attributes = {
				CLASSPREFIX = FT;
				LastUpgradeCheck = 0700;
				ORGANIZATIONNAME = pikaqiu;
				TargetAttributes = {
					6A18D9631D35E5B9007DDA31 = {
						CreatedOnToolsVersion = 7.0;
					};
					6A18D97C1D35E5B9007DDA31 = {
						CreatedOnToolsVersion = 7.0;
						TestTargetID = 6A18D9631D35E5B9007DDA31;
					};
					6A18D9871D35E5B9007DDA31 = {
						CreatedOnToolsVersion = 7.0;
						TestTargetID = 6A18D9631D35E5B9007DDA31;
					};
				};
			};
			buildConfigurationList = 6A18D95F1D35E5B9007DDA31 /* Build configuration list for PBXProject "FishTank" */;
			compatibilityVersion = "Xcode 3.2";
			developmentRegion = English;
			hasScannedForEncodings = 0;
			knownRegions = (
				en,
				Base,
			);
			mainGroup = 6A18D95B1D35E5B9007DDA31;
			productRefGroup = 6A18D9651D35E5B9007DDA31 /* Products */;
			projectDirPath = "";
			projectRoot = "";
			targets = (
				6A18D9631D35E5B9007DDA31 /* FishTank */,
				6A18D97C1D35E5B9007DDA31 /* FishTankTests */,
				6A18D9871D35E5B9007DDA31 /* FishTankUITests */,
			);
		};
/* End PBXProject section */

/* Begin PBXResourcesBuildPhase section */
		6A18D9621D35E5B9007DDA31 /* Resources */ = {
			isa = PBXResourcesBuildPhase;
			buildActionMask = 2147483647;
			files = (
				6A18D9771D35E5B9007DDA31 /* LaunchScreen.storyboard in Resources */,
				F30672621D37AB6A00A76924 /* Assets.xcassets in Resources */,
				6A18D9721D35E5B9007DDA31 /* Main.storyboard in Resources */,
			);
			runOnlyForDeploymentPostprocessing = 0;
		};
		6A18D97B1D35E5B9007DDA31 /* Resources */ = {
			isa = PBXResourcesBuildPhase;
			buildActionMask = 2147483647;
			files = (
			);
			runOnlyForDeploymentPostprocessing = 0;
		};
		6A18D9861D35E5B9007DDA31 /* Resources */ = {
			isa = PBXResourcesBuildPhase;
			buildActionMask = 2147483647;
			files = (
			);
			runOnlyForDeploymentPostprocessing = 0;
		};
/* End PBXResourcesBuildPhase section */

/* Begin PBXSourcesBuildPhase section */
		6A18D9601D35E5B9007DDA31 /* Sources */ = {
			isa = PBXSourcesBuildPhase;
			buildActionMask = 2147483647;
			files = (
				6AE53C2B1D3C71CA005AA128 /* WaterQualitySet.m in Sources */,
				6A18D96C1D35E5B9007DDA31 /* AppDelegate.m in Sources */,
				6A18D9691D35E5B9007DDA31 /* main.m in Sources */,
				6AE53C251D3C70D9005AA128 /* FTAboutUsViewController.m in Sources */,
				F30672601D37854C00A76924 /* FTRegisterViewController.m in Sources */,
				6A18D9A81D35ECB8007DDA31 /* FTUserViewController.m in Sources */,
				6ADADBE31D372404001B25FC /* FTFirstViewController.m in Sources */,
				6A18D9A11D35E6AB007DDA31 /* FTBaseViewController.m in Sources */,
				F32D0E531D38D0470020E35A /* FTFindPasswordViewController.m in Sources */,
				6AE53C281D3C71B8005AA128 /* FTwaterQualityViewController.m in Sources */,
				6A18D9A41D35E6F7007DDA31 /* FTMainViewController.m in Sources */,
				6AE53C241D3C70D9005AA128 /* FTMyFishBallViewController.m in Sources */,
			);
			runOnlyForDeploymentPostprocessing = 0;
		};
		6A18D9791D35E5B9007DDA31 /* Sources */ = {
			isa = PBXSourcesBuildPhase;
			buildActionMask = 2147483647;
			files = (
				6A18D9821D35E5B9007DDA31 /* FishTankTests.m in Sources */,
			);
			runOnlyForDeploymentPostprocessing = 0;
		};
		6A18D9841D35E5B9007DDA31 /* Sources */ = {
			isa = PBXSourcesBuildPhase;
			buildActionMask = 2147483647;
			files = (
				6A18D98D1D35E5B9007DDA31 /* FishTankUITests.m in Sources */,
			);
			runOnlyForDeploymentPostprocessing = 0;
		};
/* End PBXSourcesBuildPhase section */

/* Begin PBXTargetDependency section */
		6A18D97F1D35E5B9007DDA31 /* PBXTargetDependency */ = {
			isa = PBXTargetDependency;
			target = 6A18D9631D35E5B9007DDA31 /* FishTank */;
			targetProxy = 6A18D97E1D35E5B9007DDA31 /* PBXContainerItemProxy */;
		};
		6A18D98A1D35E5B9007DDA31 /* PBXTargetDependency */ = {
			isa = PBXTargetDependency;
			target = 6A18D9631D35E5B9007DDA31 /* FishTank */;
			targetProxy = 6A18D9891D35E5B9007DDA31 /* PBXContainerItemProxy */;
		};
/* End PBXTargetDependency section */

/* Begin PBXVariantGroup section */
		6A18D9701D35E5B9007DDA31 /* Main.storyboard */ = {
			isa = PBXVariantGroup;
			children = (
				6A18D9711D35E5B9007DDA31 /* Base */,
			);
			name = Main.storyboard;
			sourceTree = "<group>";
		};
		6A18D9751D35E5B9007DDA31 /* LaunchScreen.storyboard */ = {
			isa = PBXVariantGroup;
			children = (
				6A18D9761D35E5B9007DDA31 /* Base */,
			);
			name = LaunchScreen.storyboard;
			sourceTree = "<group>";
		};
/* End PBXVariantGroup section */

/* Begin XCBuildConfiguration section */
		6A18D98F1D35E5B9007DDA31 /* Debug */ = {
			isa = XCBuildConfiguration;
			buildSettings = {
				ALWAYS_SEARCH_USER_PATHS = NO;
				CLANG_CXX_LANGUAGE_STANDARD = "gnu++0x";
				CLANG_CXX_LIBRARY = "libc++";
				CLANG_ENABLE_MODULES = YES;
				CLANG_ENABLE_OBJC_ARC = YES;
				CLANG_WARN_BOOL_CONVERSION = YES;
				CLANG_WARN_CONSTANT_CONVERSION = YES;
				CLANG_WARN_DIRECT_OBJC_ISA_USAGE = YES_ERROR;
				CLANG_WARN_EMPTY_BODY = YES;
				CLANG_WARN_ENUM_CONVERSION = YES;
				CLANG_WARN_INT_CONVERSION = YES;
				CLANG_WARN_OBJC_ROOT_CLASS = YES_ERROR;
				CLANG_WARN_UNREACHABLE_CODE = YES;
				CLANG_WARN__DUPLICATE_METHOD_MATCH = YES;
				"CODE_SIGN_IDENTITY[sdk=iphoneos*]" = "iPhone Developer";
				COPY_PHASE_STRIP = NO;
				DEBUG_INFORMATION_FORMAT = dwarf;
				ENABLE_STRICT_OBJC_MSGSEND = YES;
				ENABLE_TESTABILITY = YES;
				GCC_C_LANGUAGE_STANDARD = gnu99;
				GCC_DYNAMIC_NO_PIC = NO;
				GCC_NO_COMMON_BLOCKS = YES;
				GCC_OPTIMIZATION_LEVEL = 0;
				GCC_PREPROCESSOR_DEFINITIONS = (
					"DEBUG=1",
					"$(inherited)",
				);
				GCC_WARN_64_TO_32_BIT_CONVERSION = YES;
				GCC_WARN_ABOUT_RETURN_TYPE = YES_ERROR;
				GCC_WARN_UNDECLARED_SELECTOR = YES;
				GCC_WARN_UNINITIALIZED_AUTOS = YES_AGGRESSIVE;
				GCC_WARN_UNUSED_FUNCTION = YES;
				GCC_WARN_UNUSED_VARIABLE = YES;
				IPHONEOS_DEPLOYMENT_TARGET = 9.0;
				MTL_ENABLE_DEBUG_INFO = YES;
				ONLY_ACTIVE_ARCH = YES;
				SDKROOT = iphoneos;
			};
			name = Debug;
		};
		6A18D9901D35E5B9007DDA31 /* Release */ = {
			isa = XCBuildConfiguration;
			buildSettings = {
				ALWAYS_SEARCH_USER_PATHS = NO;
				CLANG_CXX_LANGUAGE_STANDARD = "gnu++0x";
				CLANG_CXX_LIBRARY = "libc++";
				CLANG_ENABLE_MODULES = YES;
				CLANG_ENABLE_OBJC_ARC = YES;
				CLANG_WARN_BOOL_CONVERSION = YES;
				CLANG_WARN_CONSTANT_CONVERSION = YES;
				CLANG_WARN_DIRECT_OBJC_ISA_USAGE = YES_ERROR;
				CLANG_WARN_EMPTY_BODY = YES;
				CLANG_WARN_ENUM_CONVERSION = YES;
				CLANG_WARN_INT_CONVERSION = YES;
				CLANG_WARN_OBJC_ROOT_CLASS = YES_ERROR;
				CLANG_WARN_UNREACHABLE_CODE = YES;
				CLANG_WARN__DUPLICATE_METHOD_MATCH = YES;
				"CODE_SIGN_IDENTITY[sdk=iphoneos*]" = "iPhone Developer";
				COPY_PHASE_STRIP = NO;
				DEBUG_INFORMATION_FORMAT = "dwarf-with-dsym";
				ENABLE_NS_ASSERTIONS = NO;
				ENABLE_STRICT_OBJC_MSGSEND = YES;
				GCC_C_LANGUAGE_STANDARD = gnu99;
				GCC_NO_COMMON_BLOCKS = YES;
				GCC_WARN_64_TO_32_BIT_CONVERSION = YES;
				GCC_WARN_ABOUT_RETURN_TYPE = YES_ERROR;
				GCC_WARN_UNDECLARED_SELECTOR = YES;
				GCC_WARN_UNINITIALIZED_AUTOS = YES_AGGRESSIVE;
				GCC_WARN_UNUSED_FUNCTION = YES;
				GCC_WARN_UNUSED_VARIABLE = YES;
				IPHONEOS_DEPLOYMENT_TARGET = 9.0;
				MTL_ENABLE_DEBUG_INFO = NO;
				SDKROOT = iphoneos;
				VALIDATE_PRODUCT = YES;
			};
			name = Release;
		};
		6A18D9921D35E5B9007DDA31 /* Debug */ = {
			isa = XCBuildConfiguration;
			buildSettings = {
				ASSETCATALOG_COMPILER_APPICON_NAME = AppIcon;
				FRAMEWORK_SEARCH_PATHS = (
					"$(inherited)",
					"$(PROJECT_DIR)/SMS_SDK",
				);
				INFOPLIST_FILE = FishTank/Info.plist;
				IPHONEOS_DEPLOYMENT_TARGET = 8.2;
				LD_RUNPATH_SEARCH_PATHS = "$(inherited) @executable_path/Frameworks";
				LIBRARY_SEARCH_PATHS = (
					"$(inherited)",
					"$(PROJECT_DIR)/usr/lib",
				);
				PRODUCT_BUNDLE_IDENTIFIER = com.tjufe.FishTank;
				PRODUCT_NAME = "$(TARGET_NAME)";
			};
			name = Debug;
		};
		6A18D9931D35E5B9007DDA31 /* Release */ = {
			isa = XCBuildConfiguration;
			buildSettings = {
				ASSETCATALOG_COMPILER_APPICON_NAME = AppIcon;
				FRAMEWORK_SEARCH_PATHS = (
					"$(inherited)",
					"$(PROJECT_DIR)/SMS_SDK",
				);
				INFOPLIST_FILE = FishTank/Info.plist;
				IPHONEOS_DEPLOYMENT_TARGET = 8.2;
				LD_RUNPATH_SEARCH_PATHS = "$(inherited) @executable_path/Frameworks";
				LIBRARY_SEARCH_PATHS = (
					"$(inherited)",
					"$(PROJECT_DIR)/usr/lib",
				);
				PRODUCT_BUNDLE_IDENTIFIER = com.tjufe.FishTank;
				PRODUCT_NAME = "$(TARGET_NAME)";
			};
			name = Release;
		};
		6A18D9951D35E5B9007DDA31 /* Debug */ = {
			isa = XCBuildConfiguration;
			buildSettings = {
				BUNDLE_LOADER = "$(TEST_HOST)";
				INFOPLIST_FILE = FishTankTests/Info.plist;
				LD_RUNPATH_SEARCH_PATHS = "$(inherited) @executable_path/Frameworks @loader_path/Frameworks";
				PRODUCT_BUNDLE_IDENTIFIER = com.tjufe.FishTankTests;
				PRODUCT_NAME = "$(TARGET_NAME)";
				TEST_HOST = "$(BUILT_PRODUCTS_DIR)/FishTank.app/FishTank";
			};
			name = Debug;
		};
		6A18D9961D35E5B9007DDA31 /* Release */ = {
			isa = XCBuildConfiguration;
			buildSettings = {
				BUNDLE_LOADER = "$(TEST_HOST)";
				INFOPLIST_FILE = FishTankTests/Info.plist;
				LD_RUNPATH_SEARCH_PATHS = "$(inherited) @executable_path/Frameworks @loader_path/Frameworks";
				PRODUCT_BUNDLE_IDENTIFIER = com.tjufe.FishTankTests;
				PRODUCT_NAME = "$(TARGET_NAME)";
				TEST_HOST = "$(BUILT_PRODUCTS_DIR)/FishTank.app/FishTank";
			};
			name = Release;
		};
		6A18D9981D35E5B9007DDA31 /* Debug */ = {
			isa = XCBuildConfiguration;
			buildSettings = {
				INFOPLIST_FILE = FishTankUITests/Info.plist;
				LD_RUNPATH_SEARCH_PATHS = "$(inherited) @executable_path/Frameworks @loader_path/Frameworks";
				PRODUCT_BUNDLE_IDENTIFIER = com.tjufe.FishTankUITests;
				PRODUCT_NAME = "$(TARGET_NAME)";
				TEST_TARGET_NAME = FishTank;
				USES_XCTRUNNER = YES;
			};
			name = Debug;
		};
		6A18D9991D35E5B9007DDA31 /* Release */ = {
			isa = XCBuildConfiguration;
			buildSettings = {
				INFOPLIST_FILE = FishTankUITests/Info.plist;
				LD_RUNPATH_SEARCH_PATHS = "$(inherited) @executable_path/Frameworks @loader_path/Frameworks";
				PRODUCT_BUNDLE_IDENTIFIER = com.tjufe.FishTankUITests;
				PRODUCT_NAME = "$(TARGET_NAME)";
				TEST_TARGET_NAME = FishTank;
				USES_XCTRUNNER = YES;
			};
			name = Release;
		};
/* End XCBuildConfiguration section */

/* Begin XCConfigurationList section */
		6A18D95F1D35E5B9007DDA31 /* Build configuration list for PBXProject "FishTank" */ = {
			isa = XCConfigurationList;
			buildConfigurations = (
				6A18D98F1D35E5B9007DDA31 /* Debug */,
				6A18D9901D35E5B9007DDA31 /* Release */,
			);
			defaultConfigurationIsVisible = 0;
			defaultConfigurationName = Release;
		};
		6A18D9911D35E5B9007DDA31 /* Build configuration list for PBXNativeTarget "FishTank" */ = {
			isa = XCConfigurationList;
			buildConfigurations = (
				6A18D9921D35E5B9007DDA31 /* Debug */,
				6A18D9931D35E5B9007DDA31 /* Release */,
			);
			defaultConfigurationIsVisible = 0;
			defaultConfigurationName = Release;
		};
		6A18D9941D35E5B9007DDA31 /* Build configuration list for PBXNativeTarget "FishTankTests" */ = {
			isa = XCConfigurationList;
			buildConfigurations = (
				6A18D9951D35E5B9007DDA31 /* Debug */,
				6A18D9961D35E5B9007DDA31 /* Release */,
			);
			defaultConfigurationIsVisible = 0;
			defaultConfigurationName = Release;
		};
		6A18D9971D35E5B9007DDA31 /* Build configuration list for PBXNativeTarget "FishTankUITests" */ = {
			isa = XCConfigurationList;
			buildConfigurations = (
				6A18D9981D35E5B9007DDA31 /* Debug */,
				6A18D9991D35E5B9007DDA31 /* Release */,
			);
			defaultConfigurationIsVisible = 0;
			defaultConfigurationName = Release;
		};
/* End XCConfigurationList section */
	};
	rootObject = 6A18D95C1D35E5B9007DDA31 /* Project object */;
}
